// !$*UTF8*$!
{
	archiveVersion = 1;
	classes = {
	};
	objectVersion = 50;
	objects = {

/* Begin PBXBuildFile section */
		CCA06D5825CE592100355F0D /* AppDelegate.swift in Sources */ = {isa = PBXBuildFile; fileRef = CCA06D5725CE592100355F0D /* AppDelegate.swift */; };
		CCA06D5A25CE592100355F0D /* SceneDelegate.swift in Sources */ = {isa = PBXBuildFile; fileRef = CCA06D5925CE592100355F0D /* SceneDelegate.swift */; };
		CCA06D5C25CE592100355F0D /* ViewController.swift in Sources */ = {isa = PBXBuildFile; fileRef = CCA06D5B25CE592100355F0D /* ViewController.swift */; };
		CCA06D5F25CE592100355F0D /* Main.storyboard in Resources */ = {isa = PBXBuildFile; fileRef = CCA06D5D25CE592100355F0D /* Main.storyboard */; };
		CCA06D6125CE592100355F0D /* Assets.xcassets in Resources */ = {isa = PBXBuildFile; fileRef = CCA06D6025CE592100355F0D /* Assets.xcassets */; };
		CCA06D6425CE592100355F0D /* LaunchScreen.storyboard in Resources */ = {isa = PBXBuildFile; fileRef = CCA06D6225CE592100355F0D /* LaunchScreen.storyboard */; };
		CCA06D6F25CE592100355F0D /* TechpodTests.swift in Sources */ = {isa = PBXBuildFile; fileRef = CCA06D6E25CE592100355F0D /* TechpodTests.swift */; };
		CCA06D7A25CE592100355F0D /* TechpodUITests.swift in Sources */ = {isa = PBXBuildFile; fileRef = CCA06D7925CE592100355F0D /* TechpodUITests.swift */; };
/* End PBXBuildFile section */

/* Begin PBXContainerItemProxy section */
		CCA06D6B25CE592100355F0D /* PBXContainerItemProxy */ = {
			isa = PBXContainerItemProxy;
			containerPortal = CCA06D4C25CE592100355F0D /* Project object */;
			proxyType = 1;
			remoteGlobalIDString = CCA06D5325CE592100355F0D;
			remoteInfo = Techpod;
		};
		CCA06D7625CE592100355F0D /* PBXContainerItemProxy */ = {
			isa = PBXContainerItemProxy;
			containerPortal = CCA06D4C25CE592100355F0D /* Project object */;
			proxyType = 1;
			remoteGlobalIDString = CCA06D5325CE592100355F0D;
			remoteInfo = Techpod;
		};
/* End PBXContainerItemProxy section */

/* Begin PBXFileReference section */
		CCA06D5425CE592100355F0D /* Techpod.app */ = {isa = PBXFileReference; explicitFileType = wrapper.application; includeInIndex = 0; path = Techpod.app; sourceTree = BUILT_PRODUCTS_DIR; };
		CCA06D5725CE592100355F0D /* AppDelegate.swift */ = {isa = PBXFileReference; lastKnownFileType = sourcecode.swift; path = AppDelegate.swift; sourceTree = "<group>"; };
		CCA06D5925CE592100355F0D /* SceneDelegate.swift */ = {isa = PBXFileReference; lastKnownFileType = sourcecode.swift; path = SceneDelegate.swift; sourceTree = "<group>"; };
		CCA06D5B25CE592100355F0D /* ViewController.swift */ = {isa = PBXFileReference; lastKnownFileType = sourcecode.swift; path = ViewController.swift; sourceTree = "<group>"; };
		CCA06D5E25CE592100355F0D /* Base */ = {isa = PBXFileReference; lastKnownFileType = file.storyboard; name = Base; path = Base.lproj/Main.storyboard; sourceTree = "<group>"; };
		CCA06D6025CE592100355F0D /* Assets.xcassets */ = {isa = PBXFileReference; lastKnownFileType = folder.assetcatalog; path = Assets.xcassets; sourceTree = "<group>"; };
		CCA06D6325CE592100355F0D /* Base */ = {isa = PBXFileReference; lastKnownFileType = file.storyboard; name = Base; path = Base.lproj/LaunchScreen.storyboard; sourceTree = "<group>"; };
		CCA06D6525CE592100355F0D /* Info.plist */ = {isa = PBXFileReference; lastKnownFileType = text.plist.xml; path = Info.plist; sourceTree = "<group>"; };
		CCA06D6A25CE592100355F0D /* TechpodTests.xctest */ = {isa = PBXFileReference; explicitFileType = wrapper.cfbundle; includeInIndex = 0; path = TechpodTests.xctest; sourceTree = BUILT_PRODUCTS_DIR; };
		CCA06D6E25CE592100355F0D /* TechpodTests.swift */ = {isa = PBXFileReference; lastKnownFileType = sourcecode.swift; path = TechpodTests.swift; sourceTree = "<group>"; };
		CCA06D7025CE592100355F0D /* Info.plist */ = {isa = PBXFileReference; lastKnownFileType = text.plist.xml; path = Info.plist; sourceTree = "<group>"; };
		CCA06D7525CE592100355F0D /* TechpodUITests.xctest */ = {isa = PBXFileReference; explicitFileType = wrapper.cfbundle; includeInIndex = 0; path = TechpodUITests.xctest; sourceTree = BUILT_PRODUCTS_DIR; };
		CCA06D7925CE592100355F0D /* TechpodUITests.swift */ = {isa = PBXFileReference; lastKnownFileType = sourcecode.swift; path = TechpodUITests.swift; sourceTree = "<group>"; };
		CCA06D7B25CE592100355F0D /* Info.plist */ = {isa = PBXFileReference; lastKnownFileType = text.plist.xml; path = Info.plist; sourceTree = "<group>"; };
/* End PBXFileReference section */

/* Begin PBXFrameworksBuildPhase section */
		CCA06D5125CE592100355F0D /* Frameworks */ = {
			isa = PBXFrameworksBuildPhase;
			buildActionMask = 2147483647;
			files = (
			);
			runOnlyForDeploymentPostprocessing = 0;
		};
		CCA06D6725CE592100355F0D /* Frameworks */ = {
			isa = PBXFrameworksBuildPhase;
			buildActionMask = 2147483647;
			files = (
			);
			runOnlyForDeploymentPostprocessing = 0;
		};
		CCA06D7225CE592100355F0D /* Frameworks */ = {
			isa = PBXFrameworksBuildPhase;
			buildActionMask = 2147483647;
			files = (
			);
			runOnlyForDeploymentPostprocessing = 0;
		};
/* End PBXFrameworksBuildPhase section */

/* Begin PBXGroup section */
		CCA06D4B25CE592100355F0D = {
			isa = PBXGroup;
			children = (
				CCA06D5625CE592100355F0D /* Techpod */,
				CCA06D6D25CE592100355F0D /* TechpodTests */,
				CCA06D7825CE592100355F0D /* TechpodUITests */,
				CCA06D5525CE592100355F0D /* Products */,
			);
			sourceTree = "<group>";
		};
		CCA06D5525CE592100355F0D /* Products */ = {
			isa = PBXGroup;
			children = (
				CCA06D5425CE592100355F0D /* Techpod.app */,
				CCA06D6A25CE592100355F0D /* TechpodTests.xctest */,
				CCA06D7525CE592100355F0D /* TechpodUITests.xctest */,
			);
			name = Products;
			sourceTree = "<group>";
		};
		CCA06D5625CE592100355F0D /* Techpod */ = {
			isa = PBXGroup;
			children = (
				CCA06D5725CE592100355F0D /* AppDelegate.swift */,
				CCA06D5925CE592100355F0D /* SceneDelegate.swift */,
				CCA06D5B25CE592100355F0D /* ViewController.swift */,
				CCA06D5D25CE592100355F0D /* Main.storyboard */,
				CCA06D6025CE592100355F0D /* Assets.xcassets */,
				CCA06D6225CE592100355F0D /* LaunchScreen.storyboard */,
				CCA06D6525CE592100355F0D /* Info.plist */,
			);
			path = Techpod;
			sourceTree = "<group>";
		};
		CCA06D6D25CE592100355F0D /* TechpodTests */ = {
			isa = PBXGroup;
			children = (
				CCA06D6E25CE592100355F0D /* TechpodTests.swift */,
				CCA06D7025CE592100355F0D /* Info.plist */,
			);
			path = TechpodTests;
			sourceTree = "<group>";
		};
		CCA06D7825CE592100355F0D /* TechpodUITests */ = {
			isa = PBXGroup;
			children = (
				CCA06D7925CE592100355F0D /* TechpodUITests.swift */,
				CCA06D7B25CE592100355F0D /* Info.plist */,
			);
			path = TechpodUITests;
			sourceTree = "<group>";
		};
/* End PBXGroup section */

/* Begin PBXNativeTarget section */
		CCA06D5325CE592100355F0D /* Techpod */ = {
			isa = PBXNativeTarget;
			buildConfigurationList = CCA06D7E25CE592100355F0D /* Build configuration list for PBXNativeTarget "Techpod" */;
			buildPhases = (
				CCA06D5025CE592100355F0D /* Sources */,
				CCA06D5125CE592100355F0D /* Frameworks */,
				CCA06D5225CE592100355F0D /* Resources */,
			);
			buildRules = (
			);
			dependencies = (
			);
			name = Techpod;
			productName = Techpod;
			productReference = CCA06D5425CE592100355F0D /* Techpod.app */;
			productType = "com.apple.product-type.application";
		};
		CCA06D6925CE592100355F0D /* TechpodTests */ = {
			isa = PBXNativeTarget;
			buildConfigurationList = CCA06D8125CE592100355F0D /* Build configuration list for PBXNativeTarget "TechpodTests" */;
			buildPhases = (
				CCA06D6625CE592100355F0D /* Sources */,
				CCA06D6725CE592100355F0D /* Frameworks */,
				CCA06D6825CE592100355F0D /* Resources */,
			);
			buildRules = (
			);
			dependencies = (
				CCA06D6C25CE592100355F0D /* PBXTargetDependency */,
			);
			name = TechpodTests;
			productName = TechpodTests;
			productReference = CCA06D6A25CE592100355F0D /* TechpodTests.xctest */;
			productType = "com.apple.product-type.bundle.unit-test";
		};
		CCA06D7425CE592100355F0D /* TechpodUITests */ = {
			isa = PBXNativeTarget;
			buildConfigurationList = CCA06D8425CE592100355F0D /* Build configuration list for PBXNativeTarget "TechpodUITests" */;
			buildPhases = (
				CCA06D7125CE592100355F0D /* Sources */,
				CCA06D7225CE592100355F0D /* Frameworks */,
				CCA06D7325CE592100355F0D /* Resources */,
			);
			buildRules = (
			);
			dependencies = (
				CCA06D7725CE592100355F0D /* PBXTargetDependency */,
			);
			name = TechpodUITests;
			productName = TechpodUITests;
			productReference = CCA06D7525CE592100355F0D /* TechpodUITests.xctest */;
			productType = "com.apple.product-type.bundle.ui-testing";
		};
/* End PBXNativeTarget section */

/* Begin PBXProject section */
		CCA06D4C25CE592100355F0D /* Project object */ = {
			isa = PBXProject;
			attributes = {
				LastSwiftUpdateCheck = 1230;
				LastUpgradeCheck = 1230;
				TargetAttributes = {
					CCA06D5325CE592100355F0D = {
						CreatedOnToolsVersion = 12.3;
					};
					CCA06D6925CE592100355F0D = {
						CreatedOnToolsVersion = 12.3;
						TestTargetID = CCA06D5325CE592100355F0D;
					};
					CCA06D7425CE592100355F0D = {
						CreatedOnToolsVersion = 12.3;
						TestTargetID = CCA06D5325CE592100355F0D;
					};
				};
			};
			buildConfigurationList = CCA06D4F25CE592100355F0D /* Build configuration list for PBXProject "Techpod" */;
			compatibilityVersion = "Xcode 9.3";
			developmentRegion = en;
			hasScannedForEncodings = 0;
			knownRegions = (
				en,
				Base,
			);
			mainGroup = CCA06D4B25CE592100355F0D;
			productRefGroup = CCA06D5525CE592100355F0D /* Products */;
			projectDirPath = "";
			projectRoot = "";
			targets = (
				CCA06D5325CE592100355F0D /* Techpod */,
				CCA06D6925CE592100355F0D /* TechpodTests */,
				CCA06D7425CE592100355F0D /* TechpodUITests */,
			);
		};
/* End PBXProject section */

/* Begin PBXResourcesBuildPhase section */
		CCA06D5225CE592100355F0D /* Resources */ = {
			isa = PBXResourcesBuildPhase;
			buildActionMask = 2147483647;
			files = (
				CCA06D6425CE592100355F0D /* LaunchScreen.storyboard in Resources */,
				CCA06D6125CE592100355F0D /* Assets.xcassets in Resources */,
				CCA06D5F25CE592100355F0D /* Main.storyboard in Resources */,
			);
			runOnlyForDeploymentPostprocessing = 0;
		};
		CCA06D6825CE592100355F0D /* Resources */ = {
			isa = PBXResourcesBuildPhase;
			buildActionMask = 2147483647;
			files = (
			);
			runOnlyForDeploymentPostprocessing = 0;
		};
		CCA06D7325CE592100355F0D /* Resources */ = {
			isa = PBXResourcesBuildPhase;
			buildActionMask = 2147483647;
			files = (
			);
			runOnlyForDeploymentPostprocessing = 0;
		};
/* End PBXResourcesBuildPhase section */

/* Begin PBXSourcesBuildPhase section */
		CCA06D5025CE592100355F0D /* Sources */ = {
			isa = PBXSourcesBuildPhase;
			buildActionMask = 2147483647;
			files = (
				CCA06D5C25CE592100355F0D /* ViewController.swift in Sources */,
				CCA06D5825CE592100355F0D /* AppDelegate.swift in Sources */,
				CCA06D5A25CE592100355F0D /* SceneDelegate.swift in Sources */,
			);
			runOnlyForDeploymentPostprocessing = 0;
		};
		CCA06D6625CE592100355F0D /* Sources */ = {
			isa = PBXSourcesBuildPhase;
			buildActionMask = 2147483647;
			files = (
				CCA06D6F25CE592100355F0D /* TechpodTests.swift in Sources */,
			);
			runOnlyForDeploymentPostprocessing = 0;
		};
		CCA06D7125CE592100355F0D /* Sources */ = {
			isa = PBXSourcesBuildPhase;
			buildActionMask = 2147483647;
			files = (
				CCA06D7A25CE592100355F0D /* TechpodUITests.swift in Sources */,
			);
			runOnlyForDeploymentPostprocessing = 0;
		};
/* End PBXSourcesBuildPhase section */

/* Begin PBXTargetDependency section */
		CCA06D6C25CE592100355F0D /* PBXTargetDependency */ = {
			isa = PBXTargetDependency;
			target = CCA06D5325CE592100355F0D /* Techpod */;
			targetProxy = CCA06D6B25CE592100355F0D /* PBXContainerItemProxy */;
		};
		CCA06D7725CE592100355F0D /* PBXTargetDependency */ = {
			isa = PBXTargetDependency;
			target = CCA06D5325CE592100355F0D /* Techpod */;
			targetProxy = CCA06D7625CE592100355F0D /* PBXContainerItemProxy */;
		};
/* End PBXTargetDependency section */

/* Begin PBXVariantGroup section */
		CCA06D5D25CE592100355F0D /* Main.storyboard */ = {
			isa = PBXVariantGroup;
			children = (
				CCA06D5E25CE592100355F0D /* Base */,
			);
			name = Main.storyboard;
			sourceTree = "<group>";
		};
		CCA06D6225CE592100355F0D /* LaunchScreen.storyboard */ = {
			isa = PBXVariantGroup;
			children = (
				CCA06D6325CE592100355F0D /* Base */,
			);
			name = LaunchScreen.storyboard;
			sourceTree = "<group>";
		};
/* End PBXVariantGroup section */

/* Begin XCBuildConfiguration section */
		CCA06D7C25CE592100355F0D /* Debug */ = {
			isa = XCBuildConfiguration;
			buildSettings = {
				ALWAYS_SEARCH_USER_PATHS = NO;
				CLANG_ANALYZER_NONNULL = YES;
				CLANG_ANALYZER_NUMBER_OBJECT_CONVERSION = YES_AGGRESSIVE;
				CLANG_CXX_LANGUAGE_STANDARD = "gnu++14";
				CLANG_CXX_LIBRARY = "libc++";
				CLANG_ENABLE_MODULES = YES;
				CLANG_ENABLE_OBJC_ARC = YES;
				CLANG_ENABLE_OBJC_WEAK = YES;
				CLANG_WARN_BLOCK_CAPTURE_AUTORELEASING = YES;
				CLANG_WARN_BOOL_CONVERSION = YES;
				CLANG_WARN_COMMA = YES;
				CLANG_WARN_CONSTANT_CONVERSION = YES;
				CLANG_WARN_DEPRECATED_OBJC_IMPLEMENTATIONS = YES;
				CLANG_WARN_DIRECT_OBJC_ISA_USAGE = YES_ERROR;
				CLANG_WARN_DOCUMENTATION_COMMENTS = YES;
				CLANG_WARN_EMPTY_BODY = YES;
				CLANG_WARN_ENUM_CONVERSION = YES;
				CLANG_WARN_INFINITE_RECURSION = YES;
				CLANG_WARN_INT_CONVERSION = YES;
				CLANG_WARN_NON_LITERAL_NULL_CONVERSION = YES;
				CLANG_WARN_OBJC_IMPLICIT_RETAIN_SELF = YES;
				CLANG_WARN_OBJC_LITERAL_CONVERSION = YES;
				CLANG_WARN_OBJC_ROOT_CLASS = YES_ERROR;
				CLANG_WARN_QUOTED_INCLUDE_IN_FRAMEWORK_HEADER = YES;
				CLANG_WARN_RANGE_LOOP_ANALYSIS = YES;
				CLANG_WARN_STRICT_PROTOTYPES = YES;
				CLANG_WARN_SUSPICIOUS_MOVE = YES;
				CLANG_WARN_UNGUARDED_AVAILABILITY = YES_AGGRESSIVE;
				CLANG_WARN_UNREACHABLE_CODE = YES;
				CLANG_WARN__DUPLICATE_METHOD_MATCH = YES;
				COPY_PHASE_STRIP = NO;
				DEBUG_INFORMATION_FORMAT = dwarf;
				ENABLE_STRICT_OBJC_MSGSEND = YES;
				ENABLE_TESTABILITY = YES;
				GCC_C_LANGUAGE_STANDARD = gnu11;
				GCC_DYNAMIC_NO_PIC = NO;
				GCC_NO_COMMON_BLOCKS = YES;
				GCC_OPTIMIZATION_LEVEL = 0;
				GCC_PREPROCESSOR_DEFINITIONS = (
					"DEBUG=1",
					"$(inherited)",
				);
				GCC_WARN_64_TO_32_BIT_CONVERSION = YES;
				GCC_WARN_ABOUT_RETURN_TYPE = YES_ERROR;
				GCC_WARN_UNDECLARED_SELECTOR = YES;
				GCC_WARN_UNINITIALIZED_AUTOS = YES_AGGRESSIVE;
				GCC_WARN_UNUSED_FUNCTION = YES;
				GCC_WARN_UNUSED_VARIABLE = YES;
				IPHONEOS_DEPLOYMENT_TARGET = 14.3;
				MTL_ENABLE_DEBUG_INFO = INCLUDE_SOURCE;
				MTL_FAST_MATH = YES;
				ONLY_ACTIVE_ARCH = YES;
				SDKROOT = iphoneos;
				SWIFT_ACTIVE_COMPILATION_CONDITIONS = DEBUG;
				SWIFT_OPTIMIZATION_LEVEL = "-Onone";
			};
			name = Debug;
		};
		CCA06D7D25CE592100355F0D /* Release */ = {
			isa = XCBuildConfiguration;
			buildSettings = {
				ALWAYS_SEARCH_USER_PATHS = NO;
				CLANG_ANALYZER_NONNULL = YES;
				CLANG_ANALYZER_NUMBER_OBJECT_CONVERSION = YES_AGGRESSIVE;
				CLANG_CXX_LANGUAGE_STANDARD = "gnu++14";
				CLANG_CXX_LIBRARY = "libc++";
				CLANG_ENABLE_MODULES = YES;
				CLANG_ENABLE_OBJC_ARC = YES;
				CLANG_ENABLE_OBJC_WEAK = YES;
				CLANG_WARN_BLOCK_CAPTURE_AUTORELEASING = YES;
				CLANG_WARN_BOOL_CONVERSION = YES;
				CLANG_WARN_COMMA = YES;
				CLANG_WARN_CONSTANT_CONVERSION = YES;
				CLANG_WARN_DEPRECATED_OBJC_IMPLEMENTATIONS = YES;
				CLANG_WARN_DIRECT_OBJC_ISA_USAGE = YES_ERROR;
				CLANG_WARN_DOCUMENTATION_COMMENTS = YES;
				CLANG_WARN_EMPTY_BODY = YES;
				CLANG_WARN_ENUM_CONVERSION = YES;
				CLANG_WARN_INFINITE_RECURSION = YES;
				CLANG_WARN_INT_CONVERSION = YES;
				CLANG_WARN_NON_LITERAL_NULL_CONVERSION = YES;
				CLANG_WARN_OBJC_IMPLICIT_RETAIN_SELF = YES;
				CLANG_WARN_OBJC_LITERAL_CONVERSION = YES;
				CLANG_WARN_OBJC_ROOT_CLASS = YES_ERROR;
				CLANG_WARN_QUOTED_INCLUDE_IN_FRAMEWORK_HEADER = YES;
				CLANG_WARN_RANGE_LOOP_ANALYSIS = YES;
				CLANG_WARN_STRICT_PROTOTYPES = YES;
				CLANG_WARN_SUSPICIOUS_MOVE = YES;
				CLANG_WARN_UNGUARDED_AVAILABILITY = YES_AGGRESSIVE;
				CLANG_WARN_UNREACHABLE_CODE = YES;
				CLANG_WARN__DUPLICATE_METHOD_MATCH = YES;
				COPY_PHASE_STRIP = NO;
				DEBUG_INFORMATION_FORMAT = "dwarf-with-dsym";
				ENABLE_NS_ASSERTIONS = NO;
				ENABLE_STRICT_OBJC_MSGSEND = YES;
				GCC_C_LANGUAGE_STANDARD = gnu11;
				GCC_NO_COMMON_BLOCKS = YES;
				GCC_WARN_64_TO_32_BIT_CONVERSION = YES;
				GCC_WARN_ABOUT_RETURN_TYPE = YES_ERROR;
				GCC_WARN_UNDECLARED_SELECTOR = YES;
				GCC_WARN_UNINITIALIZED_AUTOS = YES_AGGRESSIVE;
				GCC_WARN_UNUSED_FUNCTION = YES;
				GCC_WARN_UNUSED_VARIABLE = YES;
				IPHONEOS_DEPLOYMENT_TARGET = 14.3;
				MTL_ENABLE_DEBUG_INFO = NO;
				MTL_FAST_MATH = YES;
				SDKROOT = iphoneos;
				SWIFT_COMPILATION_MODE = wholemodule;
				SWIFT_OPTIMIZATION_LEVEL = "-O";
				VALIDATE_PRODUCT = YES;
			};
			name = Release;
		};
		CCA06D7F25CE592100355F0D /* Debug */ = {
			isa = XCBuildConfiguration;
			buildSettings = {
				ASSETCATALOG_COMPILER_APPICON_NAME = AppIcon;
				ASSETCATALOG_COMPILER_GLOBAL_ACCENT_COLOR_NAME = AccentColor;
				CODE_SIGN_STYLE = Automatic;
				INFOPLIST_FILE = Techpod/Info.plist;
				LD_RUNPATH_SEARCH_PATHS = (
					"$(inherited)",
					"@executable_path/Frameworks",
				);
				PRODUCT_BUNDLE_IDENTIFIER = app.yahata.chile.Techpod;
				PRODUCT_NAME = "$(TARGET_NAME)";
				SWIFT_VERSION = 5.0;
				TARGETED_DEVICE_FAMILY = "1,2";
			};
			name = Debug;
		};
		CCA06D8025CE592100355F0D /* Release */ = {
			isa = XCBuildConfiguration;
			buildSettings = {
				ASSETCATALOG_COMPILER_APPICON_NAME = AppIcon;
				ASSETCATALOG_COMPILER_GLOBAL_ACCENT_COLOR_NAME = AccentColor;
				CODE_SIGN_STYLE = Automatic;
				INFOPLIST_FILE = Techpod/Info.plist;
				LD_RUNPATH_SEARCH_PATHS = (
					"$(inherited)",
					"@executable_path/Frameworks",
				);
				PRODUCT_BUNDLE_IDENTIFIER = app.yahata.chile.Techpod;
				PRODUCT_NAME = "$(TARGET_NAME)";
				SWIFT_VERSION = 5.0;
				TARGETED_DEVICE_FAMILY = "1,2";
			};
			name = Release;
		};
		CCA06D8225CE592100355F0D /* Debug */ = {
			isa = XCBuildConfiguration;
			buildSettings = {
				ALWAYS_EMBED_SWIFT_STANDARD_LIBRARIES = YES;
				BUNDLE_LOADER = "$(TEST_HOST)";
				CODE_SIGN_STYLE = Automatic;
				INFOPLIST_FILE = TechpodTests/Info.plist;
				IPHONEOS_DEPLOYMENT_TARGET = 14.3;
				LD_RUNPATH_SEARCH_PATHS = (
					"$(inherited)",
					"@executable_path/Frameworks",
					"@loader_path/Frameworks",
				);
				PRODUCT_BUNDLE_IDENTIFIER = app.yahata.chile.TechpodTests;
				PRODUCT_NAME = "$(TARGET_NAME)";
				SWIFT_VERSION = 5.0;
				TARGETED_DEVICE_FAMILY = "1,2";
				TEST_HOST = "$(BUILT_PRODUCTS_DIR)/Techpod.app/Techpod";
			};
			name = Debug;
		};
		CCA06D8325CE592100355F0D /* Release */ = {
			isa = XCBuildConfiguration;
			buildSettings = {
				ALWAYS_EMBED_SWIFT_STANDARD_LIBRARIES = YES;
				BUNDLE_LOADER = "$(TEST_HOST)";
				CODE_SIGN_STYLE = Automatic;
				INFOPLIST_FILE = TechpodTests/Info.plist;
				IPHONEOS_DEPLOYMENT_TARGET = 14.3;
				LD_RUNPATH_SEARCH_PATHS = (
					"$(inherited)",
					"@executable_path/Frameworks",
					"@loader_path/Frameworks",
				);
				PRODUCT_BUNDLE_IDENTIFIER = app.yahata.chile.TechpodTests;
				PRODUCT_NAME = "$(TARGET_NAME)";
				SWIFT_VERSION = 5.0;
				TARGETED_DEVICE_FAMILY = "1,2";
				TEST_HOST = "$(BUILT_PRODUCTS_DIR)/Techpod.app/Techpod";
			};
			name = Release;
		};
		CCA06D8525CE592100355F0D /* Debug */ = {
			isa = XCBuildConfiguration;
			buildSettings = {
				ALWAYS_EMBED_SWIFT_STANDARD_LIBRARIES = YES;
				CODE_SIGN_STYLE = Automatic;
				INFOPLIST_FILE = TechpodUITests/Info.plist;
				LD_RUNPATH_SEARCH_PATHS = (
					"$(inherited)",
					"@executable_path/Frameworks",
					"@loader_path/Frameworks",
				);
				PRODUCT_BUNDLE_IDENTIFIER = app.yahata.chile.TechpodUITests;
				PRODUCT_NAME = "$(TARGET_NAME)";
				SWIFT_VERSION = 5.0;
				TARGETED_DEVICE_FAMILY = "1,2";
				TEST_TARGET_NAME = Techpod;
			};
			name = Debug;
		};
		CCA06D8625CE592100355F0D /* Release */ = {
			isa = XCBuildConfiguration;
			buildSettings = {
				ALWAYS_EMBED_SWIFT_STANDARD_LIBRARIES = YES;
				CODE_SIGN_STYLE = Automatic;
				INFOPLIST_FILE = TechpodUITests/Info.plist;
				LD_RUNPATH_SEARCH_PATHS = (
					"$(inherited)",
					"@executable_path/Frameworks",
					"@loader_path/Frameworks",
				);
				PRODUCT_BUNDLE_IDENTIFIER = app.yahata.chile.TechpodUITests;
				PRODUCT_NAME = "$(TARGET_NAME)";
				SWIFT_VERSION = 5.0;
				TARGETED_DEVICE_FAMILY = "1,2";
				TEST_TARGET_NAME = Techpod;
			};
			name = Release;
		};
/* End XCBuildConfiguration section */

/* Begin XCConfigurationList section */
		CCA06D4F25CE592100355F0D /* Build configuration list for PBXProject "Techpod" */ = {
			isa = XCConfigurationList;
			buildConfigurations = (
				CCA06D7C25CE592100355F0D /* Debug */,
				CCA06D7D25CE592100355F0D /* Release */,
			);
			defaultConfigurationIsVisible = 0;
			defaultConfigurationName = Release;
		};
		CCA06D7E25CE592100355F0D /* Build configuration list for PBXNativeTarget "Techpod" */ = {
			isa = XCConfigurationList;
			buildConfigurations = (
				CCA06D7F25CE592100355F0D /* Debug */,
				CCA06D8025CE592100355F0D /* Release */,
			);
			defaultConfigurationIsVisible = 0;
			defaultConfigurationName = Release;
		};
		CCA06D8125CE592100355F0D /* Build configuration list for PBXNativeTarget "TechpodTests" */ = {
			isa = XCConfigurationList;
			buildConfigurations = (
				CCA06D8225CE592100355F0D /* Debug */,
				CCA06D8325CE592100355F0D /* Release */,
			);
			defaultConfigurationIsVisible = 0;
			defaultConfigurationName = Release;
		};
		CCA06D8425CE592100355F0D /* Build configuration list for PBXNativeTarget "TechpodUITests" */ = {
			isa = XCConfigurationList;
			buildConfigurations = (
				CCA06D8525CE592100355F0D /* Debug */,
				CCA06D8625CE592100355F0D /* Release */,
			);
			defaultConfigurationIsVisible = 0;
			defaultConfigurationName = Release;
		};
/* End XCConfigurationList section */
	};
	rootObject = CCA06D4C25CE592100355F0D /* Project object */;
}
